
Microsoft Visual Studio Solution File, Format Version 12.00
# Visual Studio 15
VisualStudioVersion = 15.0.28307.539
MinimumVisualStudioVersion = 10.0.40219.1
Project("{FAE04EC0-301F-11D3-BF4B-00C04F79EFBC}") = "ConsoleApp14", "ConsoleApp14\ConsoleApp14.csproj", "{22AEF4C2-F491-4685-B89C-26C93B8DBEFC}"
EndProject
Global
	GlobalSection(SolutionConfigurationPlatforms) = preSolution
		Debug|Any CPU = Debug|Any CPU
		Release|Any CPU = Release|Any CPU
	EndGlobalSection
	GlobalSection(ProjectConfigurationPlatforms) = postSolution
		{22AEF4C2-F491-4685-B89C-26C93B8DBEFC}.Debug|Any CPU.ActiveCfg = Debug|Any CPU
		{22AEF4C2-F491-4685-B89C-26C93B8DBEFC}.Debug|Any CPU.Build.0 = Debug|Any CPU
		{22AEF4C2-F491-4685-B89C-26C93B8DBEFC}.Release|Any CPU.ActiveCfg = Release|Any CPU
		{22AEF4C2-F491-4685-B89C-26C93B8DBEFC}.Release|Any CPU.Build.0 = Release|Any CPU
	EndGlobalSection
	GlobalSection(SolutionProperties) = preSolution
		HideSolutionNode = FALSE
	EndGlobalSection
	GlobalSection(ExtensibilityGlobals) = postSolution
		SolutionGuid = {1802708F-F513-4ADC-A207-0CFE0C9C4D1B}
	EndGlobalSection
EndGlobal
